Microsoft Visual Studio Solution File, Format Version 12.00
# Visual Studio Version 17
VisualStudioVersion = 17.5.2.0
MinimumVisualStudioVersion = 10.0.40219.1
Project("{FAE04EC0-301F-11D3-BF4B-00C04F79EFBC}") = "StudentCoursesSystem", "StudentCoursesSystem\StudentCoursesSystem.csproj", "{A86CB1D3-7581-7926-7CCE-9E90DD63C535}"
EndProject
Global
	GlobalSection(SolutionConfigurationPlatforms) = preSolution
		Debug|Any CPU = Debug|Any CPU
		Release|Any CPU = Release|Any CPU
	EndGlobalSection
	GlobalSection(ProjectConfigurationPlatforms) = postSolution
		{A86CB1D3-7581-7926-7CCE-9E90DD63C535}.Debug|Any CPU.ActiveCfg = Debug|Any CPU
		{A86CB1D3-7581-7926-7CCE-9E90DD63C535}.Debug|Any CPU.Build.0 = Debug|Any CPU
		{A86CB1D3-7581-7926-7CCE-9E90DD63C535}.Release|Any CPU.ActiveCfg = Release|Any CPU
		{A86CB1D3-7581-7926-7CCE-9E90DD63C535}.Release|Any CPU.Build.0 = Release|Any CPU
	EndGlobalSection
	GlobalSection(SolutionProperties) = preSolution
		HideSolutionNode = FALSE
	EndGlobalSection
	GlobalSection(ExtensibilityGlobals) = postSolution
		SolutionGuid = {3F295D68-35BA-4B38-A314-C9BB85840514}
	EndGlobalSection
EndGlobal
